
Microsoft Visual Studio Solution File, Format Version 12.00
# Visual Studio Version 17
VisualStudioVersion = 17.0.32112.339
MinimumVisualStudioVersion = 10.0.40219.1
Project("{FAE04EC0-301F-11D3-BF4B-00C04F79EFBC}") = "Laba3,4", "Laba3,4\Laba3,4.csproj", "{CCEDF05E-1F2A-4C8C-B11C-07F7504BD309}"
EndProject
Project("{FAE04EC0-301F-11D3-BF4B-00C04F79EFBC}") = "Shapes", "Shapes\Shapes.csproj", "{8C4078E7-9FD5-462E-8E4F-CF2D4E971614}"
EndProject
Global
	GlobalSection(SolutionConfigurationPlatforms) = preSolution
		Debug|Any CPU = Debug|Any CPU
		Release|Any CPU = Release|Any CPU
	EndGlobalSection
	GlobalSection(ProjectConfigurationPlatforms) = postSolution
		{CCEDF05E-1F2A-4C8C-B11C-07F7504BD309}.Debug|Any CPU.ActiveCfg = Debug|Any CPU
		{CCEDF05E-1F2A-4C8C-B11C-07F7504BD309}.Debug|Any CPU.Build.0 = Debug|Any CPU
		{CCEDF05E-1F2A-4C8C-B11C-07F7504BD309}.Release|Any CPU.ActiveCfg = Release|Any CPU
		{CCEDF05E-1F2A-4C8C-B11C-07F7504BD309}.Release|Any CPU.Build.0 = Release|Any CPU
		{8C4078E7-9FD5-462E-8E4F-CF2D4E971614}.Debug|Any CPU.ActiveCfg = Debug|Any CPU
		{8C4078E7-9FD5-462E-8E4F-CF2D4E971614}.Debug|Any CPU.Build.0 = Debug|Any CPU
		{8C4078E7-9FD5-462E-8E4F-CF2D4E971614}.Release|Any CPU.ActiveCfg = Release|Any CPU
		{8C4078E7-9FD5-462E-8E4F-CF2D4E971614}.Release|Any CPU.Build.0 = Release|Any CPU
	EndGlobalSection
	GlobalSection(SolutionProperties) = preSolution
		HideSolutionNode = FALSE
	EndGlobalSection
	GlobalSection(ExtensibilityGlobals) = postSolution
		SolutionGuid = {D3202A71-259C-44CC-9CF8-9C45EF0562FD}
	EndGlobalSection
EndGlobal
